<?xml version="1.0" encoding="utf-8"?>
<Project ToolsVersion="4.0" xmlns="http://schemas.microsoft.com/developer/msbuild/2003">
  <ItemGroup>
    <Filter Include="Source Files">
      <UniqueIdentifier>{4FC737F1-C7A5-4376-A066-2A32D752A2FF}</UniqueIdentifier>
      <Extensions>cpp;c;cc;cxx;def;odl;idl;hpj;bat;asm;asmx</Extensions>
    </Filter>
    <Filter Include="Header Files">
      <UniqueIdentifier>{93995380-89BD-4b04-88EB-625FBE52EBFB}</UniqueIdentifier>
      <Extensions>h;hpp;hxx;hm;inl;inc;xsd</Extensions>
    </Filter>
  </ItemGroup>
  <ItemGroup>
    <ClInclude Include="..\atom\AtomEngine.h">
      <Filter>Header Files</Filter>
    </ClInclude>
    <ClInclude Include="..\atom\BasicPrimitives.h">
      <Filter>Header Files</Filter>
    </ClInclude>
    <ClInclude Include="..\atom\BasicTransformation.h">
      <Filter>Header Files</Filter>
    </ClInclude>
    <ClInclude Include="..\atom\Camera.h">
      <Filter>Header Files</Filter>
    </ClInclude>
    <ClInclude Include="..\atom\CollisionDetection.h">
      <Filter>Header Files</Filter>
    </ClInclude>
    <ClInclude Include="..\atom\GameObject.h">
      <Filter>Header Files</Filter>
    </ClInclude>
    <ClInclude Include="..\atom\Keyboard.h">
      <Filter>Header Files</Filter>
    </ClInclude>
    <ClInclude Include="..\atom\Math.h">
      <Filter>Header Files</Filter>
    </ClInclude>
    <ClInclude Include="..\atom\Matrix4.h">
      <Filter>Header Files</Filter>
    </ClInclude>
    <ClInclude Include="..\atom\ModelData.h">
      <Filter>Header Files</Filter>
    </ClInclude>
    <ClInclude Include="..\atom\ModelLoader.h">
      <Filter>Header Files</Filter>
    </ClInclude>
    <ClInclude Include="..\atom\ModelParser.h">
      <Filter>Header Files</Filter>
    </ClInclude>
    <ClInclude Include="..\atom\OpenGL.h">
      <Filter>Header Files</Filter>
    </ClInclude>
    <ClInclude Include="..\atom\resource.h">
      <Filter>Header Files</Filter>
    </ClInclude>
    <ClInclude Include="..\atom\Sound.h">
      <Filter>Header Files</Filter>
    </ClInclude>
    <ClInclude Include="..\atom\Text.h">
      <Filter>Header Files</Filter>
    </ClInclude>
    <ClInclude Include="..\atom\Time.h">
      <Filter>Header Files</Filter>
    </ClInclude>
    <ClInclude Include="..\atom\Vector3.h">
      <Filter>Header Files</Filter>
    </ClInclude>
  </ItemGroup>
  <ItemGroup>
    <ClCompile Include="..\atom\AtomEngine.cpp">
      <Filter>Source Files</Filter>
    </ClCompile>
    <ClCompile Include="..\atom\BasicPrimitives.cpp">
      <Filter>Source Files</Filter>
    </ClCompile>
    <ClCompile Include="..\atom\BasicTransformation.cpp">
      <Filter>Source Files</Filter>
    </ClCompile>
    <ClCompile Include="..\atom\Camera.cpp">
      <Filter>Source Files</Filter>
    </ClCompile>
    <ClCompile Include="..\atom\CollisionDetection.cpp">
      <Filter>Source Files</Filter>
    </ClCompile>
    <ClCompile Include="..\atom\GameObject.cpp">
      <Filter>Source Files</Filter>
    </ClCompile>
    <ClCompile Include="..\atom\Keyboard.cpp">
      <Filter>Source Files</Filter>
    </ClCompile>
    <ClCompile Include="..\atom\Math.cpp">
      <Filter>Source Files</Filter>
    </ClCompile>
    <ClCompile Include="..\atom\Matrix4.cpp">
      <Filter>Source Files</Filter>
    </ClCompile>
    <ClCompile Include="..\atom\ModelLoader.cpp">
      <Filter>Source Files</Filter>
    </ClCompile>
    <ClCompile Include="..\atom\OpenGL.cpp">
      <Filter>Source Files</Filter>
    </ClCompile>
    <ClCompile Include="..\atom\Sound.cpp">
      <Filter>Source Files</Filter>
    </ClCompile>
    <ClCompile Include="..\atom\Text.cpp">
      <Filter>Source Files</Filter>
    </ClCompile>
    <ClCompile Include="..\atom\Time.cpp">
      <Filter>Source Files</Filter>
    </ClCompile>
    <ClCompile Include="..\atom\Vector3.cpp">
      <Filter>Source Files</Filter>
    </ClCompile>
    <ClCompile Include="win32\Main.cpp">
      <Filter>Source Files</Filter>
    </ClCompile>
  </ItemGroup>
</Project>